
Microsoft Visual Studio Solution File, Format Version 12.00
Project("{FAE04EC0-301F-11D3-BF4B-00C04F79EFBC}") = "MyWeb_", "MyWeb_\MyWeb_.csproj", "{4663B13F-9844-4FFC-991A-7C50D582984A}"
EndProject
Global
	GlobalSection(SolutionConfigurationPlatforms) = preSolution
		Debug|Any CPU = Debug|Any CPU
		Release|Any CPU = Release|Any CPU
	EndGlobalSection
	GlobalSection(ProjectConfigurationPlatforms) = postSolution
		{4663B13F-9844-4FFC-991A-7C50D582984A}.Debug|Any CPU.ActiveCfg = Debug|Any CPU
		{4663B13F-9844-4FFC-991A-7C50D582984A}.Debug|Any CPU.Build.0 = Debug|Any CPU
		{4663B13F-9844-4FFC-991A-7C50D582984A}.Release|Any CPU.ActiveCfg = Release|Any CPU
		{4663B13F-9844-4FFC-991A-7C50D582984A}.Release|Any CPU.Build.0 = Release|Any CPU
	EndGlobalSection
EndGlobal
